	<Project xmlns="http://schemas.microsoft.com/developer/msbuild/2003">
		<PropertyGroup>
			<ProjectGuid>{D189EE98-2FC1-4F17-96E7-76716C38556F}</ProjectGuid>
			<MainSource>Global.dpk</MainSource>
			<ProjectVersion>12.0</ProjectVersion>
			<Config Condition="'$(Config)'==''">Debug</Config>
			<DCC_DCCCompiler>DCC32</DCC_DCCCompiler>
		</PropertyGroup>
		<PropertyGroup Condition="'$(Config)'=='Base' or '$(Base)'!=''">
			<Base>true</Base>
		</PropertyGroup>
		<PropertyGroup Condition="'$(Config)'=='Release' or '$(Cfg_1)'!=''">
			<Cfg_1>true</Cfg_1>
			<CfgParent>Base</CfgParent>
			<Base>true</Base>
		</PropertyGroup>
		<PropertyGroup Condition="'$(Config)'=='Debug' or '$(Cfg_2)'!=''">
			<Cfg_2>true</Cfg_2>
			<CfgParent>Base</CfgParent>
			<Base>true</Base>
		</PropertyGroup>
		<PropertyGroup Condition="'$(Base)'!=''">
			<DCC_Define>DEBUG;$(DCC_Define)</DCC_Define>
			<DCC_DcuOutput>..\..\..\..\Dcu\</DCC_DcuOutput>
			<DCC_ImageBase>00400000</DCC_ImageBase>
			<DesignOnlyPackage>false</DesignOnlyPackage>
			<DCC_SymbolReferenceInfo>0</DCC_SymbolReferenceInfo>
			<DCC_DependencyCheckOutputName>..\..\..\..\Bin\Global.bpl</DCC_DependencyCheckOutputName>
			<DCC_BplOutput>..\..\..\..\Bin\</DCC_BplOutput>
			<DCC_UnitAlias>WinTypes=Windows;WinProcs=Windows;DbiTypes=BDE;DbiProcs=BDE;DbiErrs=BDE;$(DCC_UnitAlias)</DCC_UnitAlias>
			<DCC_Platform>x86</DCC_Platform>
			<GenPackage>true</GenPackage>
			<DCC_S>false</DCC_S>
			<DCC_DcpOutput>..\..\..\..\dcp\</DCC_DcpOutput>
			<GenDll>true</GenDll>
			<DCC_N>false</DCC_N>
			<DCC_E>false</DCC_E>
			<DCC_F>false</DCC_F>
			<DCC_K>false</DCC_K>
		</PropertyGroup>
		<PropertyGroup Condition="'$(Cfg_1)'!=''">
			<DCC_LocalDebugSymbols>false</DCC_LocalDebugSymbols>
			<DCC_Define>RELEASE;$(DCC_Define)</DCC_Define>
			<DCC_SymbolReferenceInfo>0</DCC_SymbolReferenceInfo>
			<DCC_DebugInformation>false</DCC_DebugInformation>
		</PropertyGroup>
		<PropertyGroup Condition="'$(Cfg_2)'!=''">
			<DCC_MapFile>3</DCC_MapFile>
		</PropertyGroup>
		<ItemGroup>
			<DelphiCompile Include="Global.dpk">
				<MainSource>MainSource</MainSource>
			</DelphiCompile>
			<DCCReference Include="rtl.dcp"/>
			<DCCReference Include="vcl.dcp"/>
			<DCCReference Include="vclimg.dcp"/>
			<DCCReference Include="dbrtl.dcp"/>
			<DCCReference Include="vcldb.dcp"/>
			<DCCReference Include="bdertl.dcp"/>
			<DCCReference Include="dex.dcp"/>
			<DCCReference Include="vclx.dcp"/>
			<DCCReference Include="QR5RunD2010.dcp"/>
			<DCCReference Include="Tee.dcp"/>
			<DCCReference Include="dac140.dcp"/>
			<DCCReference Include="odac140.dcp"/>
			<DCCReference Include="adortl.dcp"/>
			<DCCReference Include="dclOfficeXP.dcp"/>
			<DCCReference Include="chilkat.dcp"/>
			<DCCReference Include="IndyCore.dcp"/>
			<DCCReference Include="IndySystem.dcp"/>
			<DCCReference Include="IndyProtocols.dcp"/>
			<DCCReference Include="DM.pas">
				<Form>DM_Hospital</Form>
				<DesignClass>TDataModule</DesignClass>
			</DCCReference>
			<DCCReference Include="InWordsSu.pas"/>
			<DCCReference Include="DateRange.pas">
				<Form>Form_DateRange</Form>
			</DCCReference>
			<DCCReference Include="Fxn.pas"/>
			<DCCReference Include="NetShare.pas"/>
			<DCCReference Include="ServerDate.pas"/>
			<DCCReference Include="ExportToExcel\DBgridExportToExcel.pas"/>
			<DCCReference Include="Unit_Message.pas">
				<Form>Frm_Message</Form>
			</DCCReference>
			<DCCReference Include="Change.pas"/>
			<DCCReference Include="PatientClass.pas"/>
			<DCCReference Include="Unit_ServerIp.pas">
				<Form>Form_ServerIp</Form>
			</DCCReference>
			<DCCReference Include="ExportToExcel\UnitSendToExcel.pas"/>
			<DCCReference Include="Fxn_Hos.pas"/>
			<DCCReference Include="EncryptDecrypt.pas"/>
			<DCCReference Include="UnitEmailnMessage.pas"/>
			<DCCReference Include="Unit_GlobalFxnVar.pas"/>
			<None Include="ModelSupport_Global\default.txaPackage"/>
			<None Include="ModelSupport_Global\default.txvpck"/>
			<None Include="ModelSupport_Global\Fxn\default.txvpck"/>
			<BuildConfiguration Include="Base">
				<Key>Base</Key>
			</BuildConfiguration>
			<BuildConfiguration Include="Debug">
				<Key>Cfg_2</Key>
				<CfgParent>Base</CfgParent>
			</BuildConfiguration>
			<BuildConfiguration Include="Release">
				<Key>Cfg_1</Key>
				<CfgParent>Base</CfgParent>
			</BuildConfiguration>
		</ItemGroup>
		<Import Project="$(BDS)\Bin\CodeGear.Delphi.Targets" Condition="Exists('$(BDS)\Bin\CodeGear.Delphi.Targets')"/>
		<ProjectExtensions>
			<Borland.Personality>Delphi.Personality.12</Borland.Personality>
			<Borland.ProjectType>Package</Borland.ProjectType>
			<BorlandProject>
				<Delphi.Personality>
					<Source>
						<Source Name="MainSource">Global.dpk</Source>
					</Source>
					<Parameters>
						<Parameters Name="UseLauncher">False</Parameters>
						<Parameters Name="LoadAllSymbols">True</Parameters>
						<Parameters Name="LoadUnspecifiedSymbols">False</Parameters>
						<Parameters Name="HostApplication">..\..\..\..\Bin\MidasDrHomsV3_2.exe</Parameters>
					</Parameters>
					<VersionInfo>
						<VersionInfo Name="IncludeVerInfo">True</VersionInfo>
						<VersionInfo Name="AutoIncBuild">False</VersionInfo>
						<VersionInfo Name="MajorVer">1</VersionInfo>
						<VersionInfo Name="MinorVer">0</VersionInfo>
						<VersionInfo Name="Release">0</VersionInfo>
						<VersionInfo Name="Build">0</VersionInfo>
						<VersionInfo Name="Debug">False</VersionInfo>
						<VersionInfo Name="PreRelease">False</VersionInfo>
						<VersionInfo Name="Special">False</VersionInfo>
						<VersionInfo Name="Private">False</VersionInfo>
						<VersionInfo Name="DLL">False</VersionInfo>
						<VersionInfo Name="Locale">1033</VersionInfo>
						<VersionInfo Name="CodePage">1252</VersionInfo>
					</VersionInfo>
					<VersionInfoKeys>
						<VersionInfoKeys Name="CompanyName"/>
						<VersionInfoKeys Name="FileDescription"/>
						<VersionInfoKeys Name="FileVersion">1.0.0.0</VersionInfoKeys>
						<VersionInfoKeys Name="InternalName"/>
						<VersionInfoKeys Name="LegalCopyright"/>
						<VersionInfoKeys Name="LegalTrademarks"/>
						<VersionInfoKeys Name="OriginalFilename"/>
						<VersionInfoKeys Name="ProductName"/>
						<VersionInfoKeys Name="ProductVersion">1.0.0.0</VersionInfoKeys>
						<VersionInfoKeys Name="Comments"/>
					</VersionInfoKeys>
					<Excluded_Packages/>
				</Delphi.Personality>
				<ModelSupport>True</ModelSupport>
			</BorlandProject>
			<ProjectFileVersion>12</ProjectFileVersion>
		</ProjectExtensions>
	</Project>
